// !$*UTF8*$!
{
	archiveVersion = 1;
	classes = {
	};
	objectVersion = 48;
	objects = {

/* Begin PBXBuildFile section */
		1B41DE2E4A7189915EF81664 /* Pods_smack.framework in Frameworks */ = {isa = PBXBuildFile; fileRef = 06A848054A0AF4307B27A2C6 /* Pods_smack.framework */; };
		88355CA41FBDE2BD000402AF /* Constants.swift in Sources */ = {isa = PBXBuildFile; fileRef = 88355CA31FBDE2BD000402AF /* Constants.swift */; };
		88355CA61FBDE3BF000402AF /* LoginVC.swift in Sources */ = {isa = PBXBuildFile; fileRef = 88355CA51FBDE3BF000402AF /* LoginVC.swift */; };
		88AAEE7E1FBDA8B70053EC07 /* SWRevealViewController.m in Sources */ = {isa = PBXBuildFile; fileRef = 88AAEE7D1FBDA8B70053EC07 /* SWRevealViewController.m */; };
		88AAEE831FBDBDC40053EC07 /* ChannelVC.swift in Sources */ = {isa = PBXBuildFile; fileRef = 88AAEE821FBDBDC40053EC07 /* ChannelVC.swift */; };
		88AAEE851FBDBDD90053EC07 /* ChatVC.swift in Sources */ = {isa = PBXBuildFile; fileRef = 88AAEE841FBDBDD90053EC07 /* ChatVC.swift */; };
		88AAEE871FBDCAC10053EC07 /* GradientView.swift in Sources */ = {isa = PBXBuildFile; fileRef = 88AAEE861FBDCAC10053EC07 /* GradientView.swift */; };
		88AD7E8E1FBD9E19007BFC9A /* AppDelegate.swift in Sources */ = {isa = PBXBuildFile; fileRef = 88AD7E8D1FBD9E19007BFC9A /* AppDelegate.swift */; };
		88AD7E931FBD9E19007BFC9A /* Main.storyboard in Resources */ = {isa = PBXBuildFile; fileRef = 88AD7E911FBD9E19007BFC9A /* Main.storyboard */; };
		88AD7E951FBD9E19007BFC9A /* Assets.xcassets in Resources */ = {isa = PBXBuildFile; fileRef = 88AD7E941FBD9E19007BFC9A /* Assets.xcassets */; };
		88AD7E981FBD9E19007BFC9A /* LaunchScreen.storyboard in Resources */ = {isa = PBXBuildFile; fileRef = 88AD7E961FBD9E19007BFC9A /* LaunchScreen.storyboard */; };
/* End PBXBuildFile section */

/* Begin PBXFileReference section */
		02A7AFB88F619F8803DF11F0 /* Pods-smack.debug.xcconfig */ = {isa = PBXFileReference; includeInIndex = 1; lastKnownFileType = text.xcconfig; name = "Pods-smack.debug.xcconfig"; path = "Pods/Target Support Files/Pods-smack/Pods-smack.debug.xcconfig"; sourceTree = "<group>"; };
		06A848054A0AF4307B27A2C6 /* Pods_smack.framework */ = {isa = PBXFileReference; explicitFileType = wrapper.framework; includeInIndex = 0; path = Pods_smack.framework; sourceTree = BUILT_PRODUCTS_DIR; };
		78442FC495D6CAEF2C6F02D8 /* Pods-smack.release.xcconfig */ = {isa = PBXFileReference; includeInIndex = 1; lastKnownFileType = text.xcconfig; name = "Pods-smack.release.xcconfig"; path = "Pods/Target Support Files/Pods-smack/Pods-smack.release.xcconfig"; sourceTree = "<group>"; };
		88355CA31FBDE2BD000402AF /* Constants.swift */ = {isa = PBXFileReference; lastKnownFileType = sourcecode.swift; path = Constants.swift; sourceTree = "<group>"; };
		88355CA51FBDE3BF000402AF /* LoginVC.swift */ = {isa = PBXFileReference; lastKnownFileType = sourcecode.swift; path = LoginVC.swift; sourceTree = "<group>"; };
		88AAEE7B1FBDA8B60053EC07 /* smack-Bridging-Header.h */ = {isa = PBXFileReference; lastKnownFileType = sourcecode.c.h; path = "smack-Bridging-Header.h"; sourceTree = "<group>"; };
		88AAEE7C1FBDA8B70053EC07 /* SWRevealViewController.h */ = {isa = PBXFileReference; fileEncoding = 4; lastKnownFileType = sourcecode.c.h; path = SWRevealViewController.h; sourceTree = "<group>"; };
		88AAEE7D1FBDA8B70053EC07 /* SWRevealViewController.m */ = {isa = PBXFileReference; fileEncoding = 4; lastKnownFileType = sourcecode.c.objc; path = SWRevealViewController.m; sourceTree = "<group>"; };
		88AAEE821FBDBDC40053EC07 /* ChannelVC.swift */ = {isa = PBXFileReference; lastKnownFileType = sourcecode.swift; path = ChannelVC.swift; sourceTree = "<group>"; };
		88AAEE841FBDBDD90053EC07 /* ChatVC.swift */ = {isa = PBXFileReference; lastKnownFileType = sourcecode.swift; path = ChatVC.swift; sourceTree = "<group>"; };
		88AAEE861FBDCAC10053EC07 /* GradientView.swift */ = {isa = PBXFileReference; lastKnownFileType = sourcecode.swift; path = GradientView.swift; sourceTree = "<group>"; };
		88AD7E8A1FBD9E19007BFC9A /* smack.app */ = {isa = PBXFileReference; explicitFileType = wrapper.application; includeInIndex = 0; path = smack.app; sourceTree = BUILT_PRODUCTS_DIR; };
		88AD7E8D1FBD9E19007BFC9A /* AppDelegate.swift */ = {isa = PBXFileReference; lastKnownFileType = sourcecode.swift; path = AppDelegate.swift; sourceTree = "<group>"; };
		88AD7E921FBD9E19007BFC9A /* Base */ = {isa = PBXFileReference; lastKnownFileType = file.storyboard; name = Base; path = Base.lproj/Main.storyboard; sourceTree = "<group>"; };
		88AD7E941FBD9E19007BFC9A /* Assets.xcassets */ = {isa = PBXFileReference; lastKnownFileType = folder.assetcatalog; path = Assets.xcassets; sourceTree = "<group>"; };
		88AD7E971FBD9E19007BFC9A /* Base */ = {isa = PBXFileReference; lastKnownFileType = file.storyboard; name = Base; path = Base.lproj/LaunchScreen.storyboard; sourceTree = "<group>"; };
		88AD7E991FBD9E19007BFC9A /* Info.plist */ = {isa = PBXFileReference; lastKnownFileType = text.plist.xml; path = Info.plist; sourceTree = "<group>"; };
/* End PBXFileReference section */

/* Begin PBXFrameworksBuildPhase section */
		88AD7E871FBD9E19007BFC9A /* Frameworks */ = {
			isa = PBXFrameworksBuildPhase;
			buildActionMask = 2147483647;
			files = (
				1B41DE2E4A7189915EF81664 /* Pods_smack.framework in Frameworks */,
			);
			runOnlyForDeploymentPostprocessing = 0;
		};
/* End PBXFrameworksBuildPhase section */

/* Begin PBXGroup section */
		83E620EC01ABAD3B04A200B1 /* Frameworks */ = {
			isa = PBXGroup;
			children = (
				06A848054A0AF4307B27A2C6 /* Pods_smack.framework */,
			);
			name = Frameworks;
			sourceTree = "<group>";
		};
		88355CA21FBDE29C000402AF /* Utilities */ = {
			isa = PBXGroup;
			children = (
				88355CA31FBDE2BD000402AF /* Constants.swift */,
			);
			path = Utilities;
			sourceTree = "<group>";
		};
		88AAEE7A1FBDA88B0053EC07 /* Supporting Files */ = {
			isa = PBXGroup;
			children = (
				88AAEE7C1FBDA8B70053EC07 /* SWRevealViewController.h */,
				88AAEE7D1FBDA8B70053EC07 /* SWRevealViewController.m */,
				88AAEE7B1FBDA8B60053EC07 /* smack-Bridging-Header.h */,
			);
			path = "Supporting Files";
			sourceTree = "<group>";
		};
		88AAEE7F1FBDBD9C0053EC07 /* Controller */ = {
			isa = PBXGroup;
			children = (
				88AAEE821FBDBDC40053EC07 /* ChannelVC.swift */,
				88AAEE841FBDBDD90053EC07 /* ChatVC.swift */,
				88355CA51FBDE3BF000402AF /* LoginVC.swift */,
			);
			path = Controller;
			sourceTree = "<group>";
		};
		88AAEE801FBDBDA40053EC07 /* View */ = {
			isa = PBXGroup;
			children = (
				88AAEE861FBDCAC10053EC07 /* GradientView.swift */,
			);
			path = View;
			sourceTree = "<group>";
		};
		88AAEE811FBDBDAB0053EC07 /* Model */ = {
			isa = PBXGroup;
			children = (
			);
			path = Model;
			sourceTree = "<group>";
		};
		88AD7E811FBD9E19007BFC9A = {
			isa = PBXGroup;
			children = (
				88AD7E8C1FBD9E19007BFC9A /* smack */,
				88AD7E8B1FBD9E19007BFC9A /* Products */,
				BE5F19B195AB88F538DAAFC5 /* Pods */,
				83E620EC01ABAD3B04A200B1 /* Frameworks */,
			);
			sourceTree = "<group>";
		};
		88AD7E8B1FBD9E19007BFC9A /* Products */ = {
			isa = PBXGroup;
			children = (
				88AD7E8A1FBD9E19007BFC9A /* smack.app */,
			);
			name = Products;
			sourceTree = "<group>";
		};
		88AD7E8C1FBD9E19007BFC9A /* smack */ = {
			isa = PBXGroup;
			children = (
				88355CA21FBDE29C000402AF /* Utilities */,
				88AAEE811FBDBDAB0053EC07 /* Model */,
				88AAEE801FBDBDA40053EC07 /* View */,
				88AAEE7F1FBDBD9C0053EC07 /* Controller */,
				88AAEE7A1FBDA88B0053EC07 /* Supporting Files */,
				88AD7E8D1FBD9E19007BFC9A /* AppDelegate.swift */,
				88AD7E911FBD9E19007BFC9A /* Main.storyboard */,
				88AD7E941FBD9E19007BFC9A /* Assets.xcassets */,
				88AD7E961FBD9E19007BFC9A /* LaunchScreen.storyboard */,
				88AD7E991FBD9E19007BFC9A /* Info.plist */,
			);
			path = smack;
			sourceTree = "<group>";
		};
		BE5F19B195AB88F538DAAFC5 /* Pods */ = {
			isa = PBXGroup;
			children = (
				02A7AFB88F619F8803DF11F0 /* Pods-smack.debug.xcconfig */,
				78442FC495D6CAEF2C6F02D8 /* Pods-smack.release.xcconfig */,
			);
			name = Pods;
			sourceTree = "<group>";
		};
/* End PBXGroup section */

/* Begin PBXNativeTarget section */
		88AD7E891FBD9E19007BFC9A /* smack */ = {
			isa = PBXNativeTarget;
			buildConfigurationList = 88AD7E9C1FBD9E19007BFC9A /* Build configuration list for PBXNativeTarget "smack" */;
			buildPhases = (
				8983D245F2F7D1000C2AD0CB /* [CP] Check Pods Manifest.lock */,
				88AD7E861FBD9E19007BFC9A /* Sources */,
				88AD7E871FBD9E19007BFC9A /* Frameworks */,
				88AD7E881FBD9E19007BFC9A /* Resources */,
				2A2FE420342EDBB9D78C25BA /* [CP] Embed Pods Frameworks */,
				42F3DE3250824BF9C2346FD4 /* [CP] Copy Pods Resources */,
			);
			buildRules = (
			);
			dependencies = (
			);
			name = smack;
			productName = smack;
			productReference = 88AD7E8A1FBD9E19007BFC9A /* smack.app */;
			productType = "com.apple.product-type.application";
		};
/* End PBXNativeTarget section */

/* Begin PBXProject section */
		88AD7E821FBD9E19007BFC9A /* Project object */ = {
			isa = PBXProject;
			attributes = {
				LastSwiftUpdateCheck = 0910;
				LastUpgradeCheck = 0910;
				ORGANIZATIONNAME = "Brian Crowley";
				TargetAttributes = {
					88AD7E891FBD9E19007BFC9A = {
						CreatedOnToolsVersion = 9.1;
						LastSwiftMigration = 0910;
						ProvisioningStyle = Automatic;
					};
				};
			};
			buildConfigurationList = 88AD7E851FBD9E19007BFC9A /* Build configuration list for PBXProject "smack" */;
			compatibilityVersion = "Xcode 8.0";
			developmentRegion = en;
			hasScannedForEncodings = 0;
			knownRegions = (
				en,
				Base,
			);
			mainGroup = 88AD7E811FBD9E19007BFC9A;
			productRefGroup = 88AD7E8B1FBD9E19007BFC9A /* Products */;
			projectDirPath = "";
			projectRoot = "";
			targets = (
				88AD7E891FBD9E19007BFC9A /* smack */,
			);
		};
/* End PBXProject section */

/* Begin PBXResourcesBuildPhase section */
		88AD7E881FBD9E19007BFC9A /* Resources */ = {
			isa = PBXResourcesBuildPhase;
			buildActionMask = 2147483647;
			files = (
				88AD7E981FBD9E19007BFC9A /* LaunchScreen.storyboard in Resources */,
				88AD7E951FBD9E19007BFC9A /* Assets.xcassets in Resources */,
				88AD7E931FBD9E19007BFC9A /* Main.storyboard in Resources */,
			);
			runOnlyForDeploymentPostprocessing = 0;
		};
/* End PBXResourcesBuildPhase section */

/* Begin PBXShellScriptBuildPhase section */
		2A2FE420342EDBB9D78C25BA /* [CP] Embed Pods Frameworks */ = {
			isa = PBXShellScriptBuildPhase;
			buildActionMask = 2147483647;
			files = (
			);
			inputPaths = (
			);
			name = "[CP] Embed Pods Frameworks";
			outputPaths = (
			);
			runOnlyForDeploymentPostprocessing = 0;
			shellPath = /bin/sh;
			shellScript = "\"${SRCROOT}/Pods/Target Support Files/Pods-smack/Pods-smack-frameworks.sh\"\n";
			showEnvVarsInLog = 0;
		};
		42F3DE3250824BF9C2346FD4 /* [CP] Copy Pods Resources */ = {
			isa = PBXShellScriptBuildPhase;
			buildActionMask = 2147483647;
			files = (
			);
			inputPaths = (
			);
			name = "[CP] Copy Pods Resources";
			outputPaths = (
			);
			runOnlyForDeploymentPostprocessing = 0;
			shellPath = /bin/sh;
			shellScript = "\"${SRCROOT}/Pods/Target Support Files/Pods-smack/Pods-smack-resources.sh\"\n";
			showEnvVarsInLog = 0;
		};
		8983D245F2F7D1000C2AD0CB /* [CP] Check Pods Manifest.lock */ = {
			isa = PBXShellScriptBuildPhase;
			buildActionMask = 2147483647;
			files = (
			);
			inputPaths = (
			);
			name = "[CP] Check Pods Manifest.lock";
			outputPaths = (
			);
			runOnlyForDeploymentPostprocessing = 0;
			shellPath = /bin/sh;
			shellScript = "diff \"${PODS_ROOT}/../Podfile.lock\" \"${PODS_ROOT}/Manifest.lock\" > /dev/null\nif [ $? != 0 ] ; then\n    # print error to STDERR\n    echo \"error: The sandbox is not in sync with the Podfile.lock. Run 'pod install' or update your CocoaPods installation.\" >&2\n    exit 1\nfi\n";
			showEnvVarsInLog = 0;
		};
/* End PBXShellScriptBuildPhase section */

/* Begin PBXSourcesBuildPhase section */
		88AD7E861FBD9E19007BFC9A /* Sources */ = {
			isa = PBXSourcesBuildPhase;
			buildActionMask = 2147483647;
			files = (
				88AAEE831FBDBDC40053EC07 /* ChannelVC.swift in Sources */,
				88AD7E8E1FBD9E19007BFC9A /* AppDelegate.swift in Sources */,
				88355CA61FBDE3BF000402AF /* LoginVC.swift in Sources */,
				88AAEE871FBDCAC10053EC07 /* GradientView.swift in Sources */,
				88AAEE7E1FBDA8B70053EC07 /* SWRevealViewController.m in Sources */,
				88AAEE851FBDBDD90053EC07 /* ChatVC.swift in Sources */,
				88355CA41FBDE2BD000402AF /* Constants.swift in Sources */,
			);
			runOnlyForDeploymentPostprocessing = 0;
		};
/* End PBXSourcesBuildPhase section */

/* Begin PBXVariantGroup section */
		88AD7E911FBD9E19007BFC9A /* Main.storyboard */ = {
			isa = PBXVariantGroup;
			children = (
				88AD7E921FBD9E19007BFC9A /* Base */,
			);
			name = Main.storyboard;
			sourceTree = "<group>";
		};
		88AD7E961FBD9E19007BFC9A /* LaunchScreen.storyboard */ = {
			isa = PBXVariantGroup;
			children = (
				88AD7E971FBD9E19007BFC9A /* Base */,
			);
			name = LaunchScreen.storyboard;
			sourceTree = "<group>";
		};
/* End PBXVariantGroup section */

/* Begin XCBuildConfiguration section */
		88AD7E9A1FBD9E19007BFC9A /* Debug */ = {
			isa = XCBuildConfiguration;
			buildSettings = {
				ALWAYS_SEARCH_USER_PATHS = NO;
				CLANG_ANALYZER_NONNULL = YES;
				CLANG_ANALYZER_NUMBER_OBJECT_CONVERSION = YES_AGGRESSIVE;
				CLANG_CXX_LANGUAGE_STANDARD = "gnu++14";
				CLANG_CXX_LIBRARY = "libc++";
				CLANG_ENABLE_MODULES = YES;
				CLANG_ENABLE_OBJC_ARC = YES;
				CLANG_WARN_BLOCK_CAPTURE_AUTORELEASING = YES;
				CLANG_WARN_BOOL_CONVERSION = YES;
				CLANG_WARN_COMMA = YES;
				CLANG_WARN_CONSTANT_CONVERSION = YES;
				CLANG_WARN_DIRECT_OBJC_ISA_USAGE = YES_ERROR;
				CLANG_WARN_DOCUMENTATION_COMMENTS = YES;
				CLANG_WARN_EMPTY_BODY = YES;
				CLANG_WARN_ENUM_CONVERSION = YES;
				CLANG_WARN_INFINITE_RECURSION = YES;
				CLANG_WARN_INT_CONVERSION = YES;
				CLANG_WARN_NON_LITERAL_NULL_CONVERSION = YES;
				CLANG_WARN_OBJC_LITERAL_CONVERSION = YES;
				CLANG_WARN_OBJC_ROOT_CLASS = YES_ERROR;
				CLANG_WARN_RANGE_LOOP_ANALYSIS = YES;
				CLANG_WARN_STRICT_PROTOTYPES = YES;
				CLANG_WARN_SUSPICIOUS_MOVE = YES;
				CLANG_WARN_UNGUARDED_AVAILABILITY = YES_AGGRESSIVE;
				CLANG_WARN_UNREACHABLE_CODE = YES;
				CLANG_WARN__DUPLICATE_METHOD_MATCH = YES;
				CODE_SIGN_IDENTITY = "iPhone Developer";
				COPY_PHASE_STRIP = NO;
				DEBUG_INFORMATION_FORMAT = dwarf;
				ENABLE_STRICT_OBJC_MSGSEND = YES;
				ENABLE_TESTABILITY = YES;
				GCC_C_LANGUAGE_STANDARD = gnu11;
				GCC_DYNAMIC_NO_PIC = NO;
				GCC_NO_COMMON_BLOCKS = YES;
				GCC_OPTIMIZATION_LEVEL = 0;
				GCC_PREPROCESSOR_DEFINITIONS = (
					"DEBUG=1",
					"$(inherited)",
				);
				GCC_WARN_64_TO_32_BIT_CONVERSION = YES;
				GCC_WARN_ABOUT_RETURN_TYPE = YES_ERROR;
				GCC_WARN_UNDECLARED_SELECTOR = YES;
				GCC_WARN_UNINITIALIZED_AUTOS = YES_AGGRESSIVE;
				GCC_WARN_UNUSED_FUNCTION = YES;
				GCC_WARN_UNUSED_VARIABLE = YES;
				IPHONEOS_DEPLOYMENT_TARGET = 11.1;
				MTL_ENABLE_DEBUG_INFO = YES;
				ONLY_ACTIVE_ARCH = YES;
				SDKROOT = iphoneos;
				SWIFT_ACTIVE_COMPILATION_CONDITIONS = DEBUG;
				SWIFT_OPTIMIZATION_LEVEL = "-Onone";
			};
			name = Debug;
		};
		88AD7E9B1FBD9E19007BFC9A /* Release */ = {
			isa = XCBuildConfiguration;
			buildSettings = {
				ALWAYS_SEARCH_USER_PATHS = NO;
				CLANG_ANALYZER_NONNULL = YES;
				CLANG_ANALYZER_NUMBER_OBJECT_CONVERSION = YES_AGGRESSIVE;
				CLANG_CXX_LANGUAGE_STANDARD = "gnu++14";
				CLANG_CXX_LIBRARY = "libc++";
				CLANG_ENABLE_MODULES = YES;
				CLANG_ENABLE_OBJC_ARC = YES;
				CLANG_WARN_BLOCK_CAPTURE_AUTORELEASING = YES;
				CLANG_WARN_BOOL_CONVERSION = YES;
				CLANG_WARN_COMMA = YES;
				CLANG_WARN_CONSTANT_CONVERSION = YES;
				CLANG_WARN_DIRECT_OBJC_ISA_USAGE = YES_ERROR;
				CLANG_WARN_DOCUMENTATION_COMMENTS = YES;
				CLANG_WARN_EMPTY_BODY = YES;
				CLANG_WARN_ENUM_CONVERSION = YES;
				CLANG_WARN_INFINITE_RECURSION = YES;
				CLANG_WARN_INT_CONVERSION = YES;
				CLANG_WARN_NON_LITERAL_NULL_CONVERSION = YES;
				CLANG_WARN_OBJC_LITERAL_CONVERSION = YES;
				CLANG_WARN_OBJC_ROOT_CLASS = YES_ERROR;
				CLANG_WARN_RANGE_LOOP_ANALYSIS = YES;
				CLANG_WARN_STRICT_PROTOTYPES = YES;
				CLANG_WARN_SUSPICIOUS_MOVE = YES;
				CLANG_WARN_UNGUARDED_AVAILABILITY = YES_AGGRESSIVE;
				CLANG_WARN_UNREACHABLE_CODE = YES;
				CLANG_WARN__DUPLICATE_METHOD_MATCH = YES;
				CODE_SIGN_IDENTITY = "iPhone Developer";
				COPY_PHASE_STRIP = NO;
				DEBUG_INFORMATION_FORMAT = "dwarf-with-dsym";
				ENABLE_NS_ASSERTIONS = NO;
				ENABLE_STRICT_OBJC_MSGSEND = YES;
				GCC_C_LANGUAGE_STANDARD = gnu11;
				GCC_NO_COMMON_BLOCKS = YES;
				GCC_WARN_64_TO_32_BIT_CONVERSION = YES;
				GCC_WARN_ABOUT_RETURN_TYPE = YES_ERROR;
				GCC_WARN_UNDECLARED_SELECTOR = YES;
				GCC_WARN_UNINITIALIZED_AUTOS = YES_AGGRESSIVE;
				GCC_WARN_UNUSED_FUNCTION = YES;
				GCC_WARN_UNUSED_VARIABLE = YES;
				IPHONEOS_DEPLOYMENT_TARGET = 11.1;
				MTL_ENABLE_DEBUG_INFO = NO;
				SDKROOT = iphoneos;
				SWIFT_OPTIMIZATION_LEVEL = "-Owholemodule";
				VALIDATE_PRODUCT = YES;
			};
			name = Release;
		};
		88AD7E9D1FBD9E19007BFC9A /* Debug */ = {
			isa = XCBuildConfiguration;
			baseConfigurationReference = 02A7AFB88F619F8803DF11F0 /* Pods-smack.debug.xcconfig */;
			buildSettings = {
				ASSETCATALOG_COMPILER_APPICON_NAME = AppIcon;
				CLANG_ENABLE_MODULES = YES;
				CODE_SIGN_STYLE = Automatic;
				INFOPLIST_FILE = smack/Info.plist;
				LD_RUNPATH_SEARCH_PATHS = "$(inherited) @executable_path/Frameworks";
				PRODUCT_BUNDLE_IDENTIFIER = self.edu.smack;
				PRODUCT_NAME = "$(TARGET_NAME)";
				SWIFT_OBJC_BRIDGING_HEADER = "smack/Supporting Files/smack-Bridging-Header.h";
				SWIFT_OPTIMIZATION_LEVEL = "-Onone";
				SWIFT_VERSION = 4.0;
				TARGETED_DEVICE_FAMILY = "1,2";
			};
			name = Debug;
		};
		88AD7E9E1FBD9E19007BFC9A /* Release */ = {
			isa = XCBuildConfiguration;
			baseConfigurationReference = 78442FC495D6CAEF2C6F02D8 /* Pods-smack.release.xcconfig */;
			buildSettings = {
				ASSETCATALOG_COMPILER_APPICON_NAME = AppIcon;
				CLANG_ENABLE_MODULES = YES;
				CODE_SIGN_STYLE = Automatic;
				INFOPLIST_FILE = smack/Info.plist;
				LD_RUNPATH_SEARCH_PATHS = "$(inherited) @executable_path/Frameworks";
				PRODUCT_BUNDLE_IDENTIFIER = self.edu.smack;
				PRODUCT_NAME = "$(TARGET_NAME)";
				SWIFT_OBJC_BRIDGING_HEADER = "smack/Supporting Files/smack-Bridging-Header.h";
				SWIFT_VERSION = 4.0;
				TARGETED_DEVICE_FAMILY = "1,2";
			};
			name = Release;
		};
/* End XCBuildConfiguration section */

/* Begin XCConfigurationList section */
		88AD7E851FBD9E19007BFC9A /* Build configuration list for PBXProject "smack" */ = {
			isa = XCConfigurationList;
			buildConfigurations = (
				88AD7E9A1FBD9E19007BFC9A /* Debug */,
				88AD7E9B1FBD9E19007BFC9A /* Release */,
			);
			defaultConfigurationIsVisible = 0;
			defaultConfigurationName = Release;
		};
		88AD7E9C1FBD9E19007BFC9A /* Build configuration list for PBXNativeTarget "smack" */ = {
			isa = XCConfigurationList;
			buildConfigurations = (
				88AD7E9D1FBD9E19007BFC9A /* Debug */,
				88AD7E9E1FBD9E19007BFC9A /* Release */,
			);
			defaultConfigurationIsVisible = 0;
			defaultConfigurationName = Release;
		};
/* End XCConfigurationList section */
	};
	rootObject = 88AD7E821FBD9E19007BFC9A /* Project object */;
}
